
Microsoft Visual Studio Solution File, Format Version 12.00
# Visual Studio Version 16
VisualStudioVersion = 16.0.31112.23
MinimumVisualStudioVersion = 10.0.40219.1
Project("{FAE04EC0-301F-11D3-BF4B-00C04F79EFBC}") = "BT01_102190202_PhamHuuBang", "BT01_102190202_PhamHuuBang.csproj", "{07313EA5-1880-486E-B93F-244BF2C861DE}"
EndProject
Global
	GlobalSection(SolutionConfigurationPlatforms) = preSolution
		Debug|Any CPU = Debug|Any CPU
		Release|Any CPU = Release|Any CPU
	EndGlobalSection
	GlobalSection(ProjectConfigurationPlatforms) = postSolution
		{07313EA5-1880-486E-B93F-244BF2C861DE}.Debug|Any CPU.ActiveCfg = Debug|Any CPU
		{07313EA5-1880-486E-B93F-244BF2C861DE}.Debug|Any CPU.Build.0 = Debug|Any CPU
		{07313EA5-1880-486E-B93F-244BF2C861DE}.Release|Any CPU.ActiveCfg = Release|Any CPU
		{07313EA5-1880-486E-B93F-244BF2C861DE}.Release|Any CPU.Build.0 = Release|Any CPU
	EndGlobalSection
	GlobalSection(SolutionProperties) = preSolution
		HideSolutionNode = FALSE
	EndGlobalSection
	GlobalSection(ExtensibilityGlobals) = postSolution
		SolutionGuid = {2597E0A2-A827-4F5C-8AE1-F75CAEF4E250}
	EndGlobalSection
EndGlobal
